
Microsoft Visual Studio Solution File, Format Version 12.00
# Visual Studio Version 16
VisualStudioVersion = 16.0.30114.105
MinimumVisualStudioVersion = 10.0.40219.1
Project("{8BC9CEB8-8B4A-11D0-8D11-00A0C91BC942}") = "FP_Experiement", "FP_Experiement\FP_Experiement.vcxproj", "{073F5B6D-574F-4B73-B760-9700B82B5B3E}"
EndProject
Global
	GlobalSection(SolutionConfigurationPlatforms) = preSolution
		Debug|x64 = Debug|x64
		Release|x64 = Release|x64
	EndGlobalSection
	GlobalSection(ProjectConfigurationPlatforms) = postSolution
		{073F5B6D-574F-4B73-B760-9700B82B5B3E}.Debug|x64.ActiveCfg = Debug|x64
		{073F5B6D-574F-4B73-B760-9700B82B5B3E}.Debug|x64.Build.0 = Debug|x64
		{073F5B6D-574F-4B73-B760-9700B82B5B3E}.Release|x64.ActiveCfg = Release|x64
		{073F5B6D-574F-4B73-B760-9700B82B5B3E}.Release|x64.Build.0 = Release|x64
	EndGlobalSection
	GlobalSection(SolutionProperties) = preSolution
		HideSolutionNode = FALSE
	EndGlobalSection
	GlobalSection(ExtensibilityGlobals) = postSolution
		SolutionGuid = {190C6220-4117-49BF-B467-827DE7C4C785}
	EndGlobalSection
EndGlobal
